
Microsoft Visual Studio Solution File, Format Version 12.00
# Visual Studio Version 16
VisualStudioVersion = 16.0.31105.61
MinimumVisualStudioVersion = 10.0.40219.1
Project("{FAE04EC0-301F-11D3-BF4B-00C04F79EFBC}") = "Library_Nikitin", "Library_Nikitin\Library_Nikitin.csproj", "{E2113198-5800-4730-A9AF-BC8B212A23C3}"
EndProject
Global
	GlobalSection(SolutionConfigurationPlatforms) = preSolution
		Debug|Any CPU = Debug|Any CPU
		Release|Any CPU = Release|Any CPU
	EndGlobalSection
	GlobalSection(ProjectConfigurationPlatforms) = postSolution
		{E2113198-5800-4730-A9AF-BC8B212A23C3}.Debug|Any CPU.ActiveCfg = Debug|Any CPU
		{E2113198-5800-4730-A9AF-BC8B212A23C3}.Debug|Any CPU.Build.0 = Debug|Any CPU
		{E2113198-5800-4730-A9AF-BC8B212A23C3}.Release|Any CPU.ActiveCfg = Release|Any CPU
		{E2113198-5800-4730-A9AF-BC8B212A23C3}.Release|Any CPU.Build.0 = Release|Any CPU
	EndGlobalSection
	GlobalSection(SolutionProperties) = preSolution
		HideSolutionNode = FALSE
	EndGlobalSection
	GlobalSection(ExtensibilityGlobals) = postSolution
		SolutionGuid = {8BF066FE-9226-4335-BF1B-EF3786D4C435}
	EndGlobalSection
EndGlobal
